
Microsoft Visual Studio Solution File, Format Version 12.00
# Visual Studio Version 16
VisualStudioVersion = 16.0.29020.237
MinimumVisualStudioVersion = 10.0.40219.1
Project("{9A19103F-16F7-4668-BE54-9A1E7A4F7556}") = "Example", "Example.csproj", "{F391F250-87DD-4FEB-BAB5-FE08F5933BFB}"
EndProject
Project("{9A19103F-16F7-4668-BE54-9A1E7A4F7556}") = "AspNetCore.Mvc.SelectList", "..\..\src\AspNetCore.Mvc.SelectList\AspNetCore.Mvc.SelectList.csproj", "{2FDCA62E-0612-4DF4-B438-4593F2B33BF3}"
EndProject
Global
	GlobalSection(SolutionConfigurationPlatforms) = preSolution
		Debug|Any CPU = Debug|Any CPU
		Release|Any CPU = Release|Any CPU
	EndGlobalSection
	GlobalSection(ProjectConfigurationPlatforms) = postSolution
		{F391F250-87DD-4FEB-BAB5-FE08F5933BFB}.Debug|Any CPU.ActiveCfg = Debug|Any CPU
		{F391F250-87DD-4FEB-BAB5-FE08F5933BFB}.Debug|Any CPU.Build.0 = Debug|Any CPU
		{F391F250-87DD-4FEB-BAB5-FE08F5933BFB}.Release|Any CPU.ActiveCfg = Release|Any CPU
		{F391F250-87DD-4FEB-BAB5-FE08F5933BFB}.Release|Any CPU.Build.0 = Release|Any CPU
		{2FDCA62E-0612-4DF4-B438-4593F2B33BF3}.Debug|Any CPU.ActiveCfg = Debug|Any CPU
		{2FDCA62E-0612-4DF4-B438-4593F2B33BF3}.Debug|Any CPU.Build.0 = Debug|Any CPU
		{2FDCA62E-0612-4DF4-B438-4593F2B33BF3}.Release|Any CPU.ActiveCfg = Release|Any CPU
		{2FDCA62E-0612-4DF4-B438-4593F2B33BF3}.Release|Any CPU.Build.0 = Release|Any CPU
	EndGlobalSection
	GlobalSection(SolutionProperties) = preSolution
		HideSolutionNode = FALSE
	EndGlobalSection
	GlobalSection(ExtensibilityGlobals) = postSolution
		SolutionGuid = {2702048F-96EC-48F6-99E0-E94DBA7AA6D0}
	EndGlobalSection
EndGlobal
